
Microsoft Visual Studio Solution File, Format Version 12.00
# Visual Studio Version 16
VisualStudioVersion = 16.0.29709.97
MinimumVisualStudioVersion = 10.0.40219.1
Project("{FAE04EC0-301F-11D3-BF4B-00C04F79EFBC}") = "Project1", "Project1\Project1.csproj", "{F56FFA6C-F167-48C1-BD37-9710825209CD}"
EndProject
Global
	GlobalSection(SolutionConfigurationPlatforms) = preSolution
		Debug|Any CPU = Debug|Any CPU
		Release|Any CPU = Release|Any CPU
	EndGlobalSection
	GlobalSection(ProjectConfigurationPlatforms) = postSolution
		{F56FFA6C-F167-48C1-BD37-9710825209CD}.Debug|Any CPU.ActiveCfg = Debug|Any CPU
		{F56FFA6C-F167-48C1-BD37-9710825209CD}.Debug|Any CPU.Build.0 = Debug|Any CPU
		{F56FFA6C-F167-48C1-BD37-9710825209CD}.Release|Any CPU.ActiveCfg = Release|Any CPU
		{F56FFA6C-F167-48C1-BD37-9710825209CD}.Release|Any CPU.Build.0 = Release|Any CPU
	EndGlobalSection
	GlobalSection(SolutionProperties) = preSolution
		HideSolutionNode = FALSE
	EndGlobalSection
	GlobalSection(ExtensibilityGlobals) = postSolution
		SolutionGuid = {2085706A-D32C-4F2B-A9D7-E863441CAF5A}
	EndGlobalSection
EndGlobal
